{
  "requires": true,
  "lockfileVersion": 1,
  "dependencies": {
    "hooks-react-useforms": {
      "version": "0.1.5",
      "resolved": "https://registry.npmjs.org/hooks-react-useforms/-/hooks-react-useforms-0.1.5.tgz",
      "integrity": "sha512-4mVqK3cksWSfIHlw/k4iT9wbTaDZEB9GTukCfEG7tmQlpCsODJQdFMa0BE4NKCinzrtLmHb3nVYVm5HbcwHhJQ=="
    }
  }
}
